PODS:
  - boost-for-react-native (1.63.0)
  - BVLinearGradient (2.5.6):
    - React
  - DoubleConversion (1.1.6)
  - EXConstants (11.0.2):
    - ExpoModulesCore
    - UMCore
  - EXFileSystem (11.1.3):
    - ExpoModulesCore
    - UMCore
  - EXImageLoader (2.2.0):
    - ExpoModulesCore
    - React-Core
    - UMCore
  - ExpoModulesCore (0.2.0):
    - ExpoModulesCore/Core (= 0.2.0)
    - ExpoModulesCore/Interfaces (= 0.2.0)
    - UMCore
  - ExpoModulesCore/Core (0.2.0):
    - UMCore
  - ExpoModulesCore/Interfaces (0.2.0):
    - ExpoModulesCore/Core
    - UMCore
  - FBLazyVector (0.62.3)
  - FBReactNativeSpec (0.62.3):
    - Folly (= 2018.10.22.00)
    - RCTRequired (= 0.62.3)
    - RCTTypeSafety (= 0.62.3)
    - React-Core (= 0.62.3)
    - React-jsi (= 0.62.3)
    - ReactCommon/turbomodule/core (= 0.62.3)
  - Folly (2018.10.22.00):
    - boost-for-react-native
    - DoubleConversion
    - Folly/Default (= 2018.10.22.00)
    - glog
  - Folly/Default (2018.10.22.00):
    - boost-for-react-native
    - DoubleConversion
    - glog
  - glog (0.3.5)
  - Permission-Camera (2.2.2):
    - RNPermissions
  - RCTRequired (0.62.3)
  - RCTTypeSafety (0.62.3):
    - FBLazyVector (= 0.62.3)
    - Folly (= 2018.10.22.00)
    - RCTRequired (= 0.62.3)
    - React-Core (= 0.62.3)
  - React (0.62.3):
    - React-Core (= 0.62.3)
    - React-Core/DevSupport (= 0.62.3)
    - React-Core/RCTWebSocket (= 0.62.3)
    - React-RCTActionSheet (= 0.62.3)
    - React-RCTAnimation (= 0.62.3)
    - React-RCTBlob (= 0.62.3)
    - React-RCTImage (= 0.62.3)
    - React-RCTLinking (= 0.62.3)
    - React-RCTNetwork (= 0.62.3)
    - React-RCTSettings (= 0.62.3)
    - React-RCTText (= 0.62.3)
    - React-RCTVibration (= 0.62.3)
  - React-Core (0.62.3):
    - Folly (= 2018.10.22.00)
    - glog
    - React-Core/Default (= 0.62.3)
    - React-cxxreact (= 0.62.3)
    - React-jsi (= 0.62.3)
    - React-jsiexecutor (= 0.62.3)
    - Yoga
  - React-Core/CoreModulesHeaders (0.62.3):
    - Folly (= 2018.10.22.00)
    - glog
    - React-Core/Default
    - React-cxxreact (= 0.62.3)
    - React-jsi (= 0.62.3)
    - React-jsiexecutor (= 0.62.3)
    - Yoga
  - React-Core/Default (0.62.3):
    - Folly (= 2018.10.22.00)
    - glog
    - React-cxxreact (= 0.62.3)
    - React-jsi (= 0.62.3)
    - React-jsiexecutor (= 0.62.3)
    - Yoga
  - React-Core/DevSupport (0.62.3):
    - Folly (= 2018.10.22.00)
    - glog
    - React-Core/Default (= 0.62.3)
    - React-Core/RCTWebSocket (= 0.62.3)
    - React-cxxreact (= 0.62.3)
    - React-jsi (= 0.62.3)
    - React-jsiexecutor (= 0.62.3)
    - React-jsinspector (= 0.62.3)
    - Yoga
  - React-Core/RCTActionSheetHeaders (0.62.3):
    - Folly (= 2018.10.22.00)
    - glog
    - React-Core/Default
    - React-cxxreact (= 0.62.3)
    - React-jsi (= 0.62.3)
    - React-jsiexecutor (= 0.62.3)
    - Yoga
  - React-Core/RCTAnimationHeaders (0.62.3):
    - Folly (= 2018.10.22.00)
    - glog
    - React-Core/Default
    - React-cxxreact (= 0.62.3)
    - React-jsi (= 0.62.3)
    - React-jsiexecutor (= 0.62.3)
    - Yoga
  - React-Core/RCTBlobHeaders (0.62.3):
    - Folly (= 2018.10.22.00)
    - glog
    - React-Core/Default
    - React-cxxreact (= 0.62.3)
    - React-jsi (= 0.62.3)
    - React-jsiexecutor (= 0.62.3)
    - Yoga
  - React-Core/RCTImageHeaders (0.62.3):
    - Folly (= 2018.10.22.00)
    - glog
    - React-Core/Default
    - React-cxxreact (= 0.62.3)
    - React-jsi (= 0.62.3)
    - React-jsiexecutor (= 0.62.3)
    - Yoga
  - React-Core/RCTLinkingHeaders (0.62.3):
    - Folly (= 2018.10.22.00)
    - glog
    - React-Core/Default
    - React-cxxreact (= 0.62.3)
    - React-jsi (= 0.62.3)
    - React-jsiexecutor (= 0.62.3)
    - Yoga
  - React-Core/RCTNetworkHeaders (0.62.3):
    - Folly (= 2018.10.22.00)
    - glog
    - React-Core/Default
    - React-cxxreact (= 0.62.3)
    - React-jsi (= 0.62.3)
    - React-jsiexecutor (= 0.62.3)
    - Yoga
  - React-Core/RCTSettingsHeaders (0.62.3):
    - Folly (= 2018.10.22.00)
    - glog
    - React-Core/Default
    - React-cxxreact (= 0.62.3)
    - React-jsi (= 0.62.3)
    - React-jsiexecutor (= 0.62.3)
    - Yoga
  - React-Core/RCTTextHeaders (0.62.3):
    - Folly (= 2018.10.22.00)
    - glog
    - React-Core/Default
    - React-cxxreact (= 0.62.3)
    - React-jsi (= 0.62.3)
    - React-jsiexecutor (= 0.62.3)
    - Yoga
  - React-Core/RCTVibrationHeaders (0.62.3):
    - Folly (= 2018.10.22.00)
    - glog
    - React-Core/Default
    - React-cxxreact (= 0.62.3)
    - React-jsi (= 0.62.3)
    - React-jsiexecutor (= 0.62.3)
    - Yoga
  - React-Core/RCTWebSocket (0.62.3):
    - Folly (= 2018.10.22.00)
    - glog
    - React-Core/Default (= 0.62.3)
    - React-cxxreact (= 0.62.3)
    - React-jsi (= 0.62.3)
    - React-jsiexecutor (= 0.62.3)
    - Yoga
  - React-CoreModules (0.62.3):
    - FBReactNativeSpec (= 0.62.3)
    - Folly (= 2018.10.22.00)
    - RCTTypeSafety (= 0.62.3)
    - React-Core/CoreModulesHeaders (= 0.62.3)
    - React-RCTImage (= 0.62.3)
    - ReactCommon/turbomodule/core (= 0.62.3)
  - React-cxxreact (0.62.3):
    - boost-for-react-native (= 1.63.0)
    - DoubleConversion
    - Folly (= 2018.10.22.00)
    - glog
    - React-jsinspector (= 0.62.3)
  - React-jsi (0.62.3):
    - boost-for-react-native (= 1.63.0)
    - DoubleConversion
    - Folly (= 2018.10.22.00)
    - glog
    - React-jsi/Default (= 0.62.3)
  - React-jsi/Default (0.62.3):
    - boost-for-react-native (= 1.63.0)
    - DoubleConversion
    - Folly (= 2018.10.22.00)
    - glog
  - React-jsiexecutor (0.62.3):
    - DoubleConversion
    - Folly (= 2018.10.22.00)
    - glog
    - React-cxxreact (= 0.62.3)
    - React-jsi (= 0.62.3)
  - React-jsinspector (0.62.3)
  - react-native-camera (3.44.3):
    - React-Core
    - react-native-camera/RCT (= 3.44.3)
    - react-native-camera/RN (= 3.44.3)
  - react-native-camera/RCT (3.44.3):
    - React-Core
  - react-native-camera/RN (3.44.3):
    - React-Core
  - react-native-randombytes (3.6.1):
    - React-Core
  - react-native-udp (2.7.0):
    - React
  - React-RCTActionSheet (0.62.3):
    - React-Core/RCTActionSheetHeaders (= 0.62.3)
  - React-RCTAnimation (0.62.3):
    - FBReactNativeSpec (= 0.62.3)
    - Folly (= 2018.10.22.00)
    - RCTTypeSafety (= 0.62.3)
    - React-Core/RCTAnimationHeaders (= 0.62.3)
    - ReactCommon/turbomodule/core (= 0.62.3)
  - React-RCTBlob (0.62.3):
    - FBReactNativeSpec (= 0.62.3)
    - Folly (= 2018.10.22.00)
    - React-Core/RCTBlobHeaders (= 0.62.3)
    - React-Core/RCTWebSocket (= 0.62.3)
    - React-jsi (= 0.62.3)
    - React-RCTNetwork (= 0.62.3)
    - ReactCommon/turbomodule/core (= 0.62.3)
  - React-RCTImage (0.62.3):
    - FBReactNativeSpec (= 0.62.3)
    - Folly (= 2018.10.22.00)
    - RCTTypeSafety (= 0.62.3)
    - React-Core/RCTImageHeaders (= 0.62.3)
    - React-RCTNetwork (= 0.62.3)
    - ReactCommon/turbomodule/core (= 0.62.3)
  - React-RCTLinking (0.62.3):
    - FBReactNativeSpec (= 0.62.3)
    - React-Core/RCTLinkingHeaders (= 0.62.3)
    - ReactCommon/turbomodule/core (= 0.62.3)
  - React-RCTNetwork (0.62.3):
    - FBReactNativeSpec (= 0.62.3)
    - Folly (= 2018.10.22.00)
    - RCTTypeSafety (= 0.62.3)
    - React-Core/RCTNetworkHeaders (= 0.62.3)
    - ReactCommon/turbomodule/core (= 0.62.3)
  - React-RCTSettings (0.62.3):
    - FBReactNativeSpec (= 0.62.3)
    - Folly (= 2018.10.22.00)
    - RCTTypeSafety (= 0.62.3)
    - React-Core/RCTSettingsHeaders (= 0.62.3)
    - ReactCommon/turbomodule/core (= 0.62.3)
  - React-RCTText (0.62.3):
    - React-Core/RCTTextHeaders (= 0.62.3)
  - React-RCTVibration (0.62.3):
    - FBReactNativeSpec (= 0.62.3)
    - Folly (= 2018.10.22.00)
    - React-Core/RCTVibrationHeaders (= 0.62.3)
    - ReactCommon/turbomodule/core (= 0.62.3)
  - ReactCommon/callinvoker (0.62.3):
    - DoubleConversion
    - Folly (= 2018.10.22.00)
    - glog
    - React-cxxreact (= 0.62.3)
  - ReactCommon/turbomodule/core (0.62.3):
    - DoubleConversion
    - Folly (= 2018.10.22.00)
    - glog
    - React-Core (= 0.62.3)
    - React-cxxreact (= 0.62.3)
    - React-jsi (= 0.62.3)
    - ReactCommon/callinvoker (= 0.62.3)
  - ReactNativeNavigation (6.5.0):
    - React
    - React-RCTImage
    - React-RCTText
  - RNCAsyncStorage (1.12.1):
    - React-Core
  - RNGestureHandler (1.10.3):
    - React-Core
  - RNKeychain (4.0.5):
    - React
  - RNLocalize (1.4.3):
    - React-Core
  - RNOS (1.2.6):
    - React
  - RNPermissions (2.2.2):
    - React-Core
  - RNSVG (12.1.1):
    - React
  - RNVectorIcons (7.1.0):
    - React
  - TcpSockets (3.3.2):
    - React
  - TouchID (4.4.1):
    - React
  - UMAppLoader (2.2.0)
  - UMCore (7.1.2)
  - UMReactNativeAdapter (6.3.9):
    - ExpoModulesCore
    - React-Core
    - UMCore
  - UMTaskManagerInterface (6.2.0):
    - UMCore
  - Yoga (1.14.0)

DEPENDENCIES:
  - BVLinearGradient (from `../node_modules/react-native-linear-gradient`)
  - DoubleConversion (from `../node_modules/react-native/third-party-podspecs/DoubleConversion.podspec`)
  - EXConstants (from `../node_modules/expo-constants/ios`)
  - EXFileSystem (from `../node_modules/expo-file-system/ios`)
  - EXImageLoader (from `../node_modules/expo-image-loader/ios`)
  - ExpoModulesCore (from `../node_modules/expo-modules-core/ios`)
  - FBLazyVector (from `../node_modules/react-native/Libraries/FBLazyVector`)
  - FBReactNativeSpec (from `../node_modules/react-native/Libraries/FBReactNativeSpec`)
  - Folly (from `../node_modules/react-native/third-party-podspecs/Folly.podspec`)
  - glog (from `../node_modules/react-native/third-party-podspecs/glog.podspec`)
  - Permission-Camera (from `../node_modules/react-native-permissions/ios/Camera.podspec`)
  - RCTRequired (from `../node_modules/react-native/Libraries/RCTRequired`)
  - RCTTypeSafety (from `../node_modules/react-native/Libraries/TypeSafety`)
  - React (from `../node_modules/react-native/`)
  - React-Core (from `../node_modules/react-native/`)
  - React-Core/DevSupport (from `../node_modules/react-native/`)
  - React-Core/RCTWebSocket (from `../node_modules/react-native/`)
  - React-CoreModules (from `../node_modules/react-native/React/CoreModules`)
  - React-cxxreact (from `../node_modules/react-native/ReactCommon/cxxreact`)
  - React-jsi (from `../node_modules/react-native/ReactCommon/jsi`)
  - React-jsiexecutor (from `../node_modules/react-native/ReactCommon/jsiexecutor`)
  - React-jsinspector (from `../node_modules/react-native/ReactCommon/jsinspector`)
  - react-native-camera (from `../node_modules/react-native-camera`)
  - react-native-randombytes (from `../node_modules/react-native-randombytes`)
  - react-native-udp (from `../node_modules/react-native-udp`)
  - React-RCTActionSheet (from `../node_modules/react-native/Libraries/ActionSheetIOS`)
  - React-RCTAnimation (from `../node_modules/react-native/Libraries/NativeAnimation`)
  - React-RCTBlob (from `../node_modules/react-native/Libraries/Blob`)
  - React-RCTImage (from `../node_modules/react-native/Libraries/Image`)
  - React-RCTLinking (from `../node_modules/react-native/Libraries/LinkingIOS`)
  - React-RCTNetwork (from `../node_modules/react-native/Libraries/Network`)
  - React-RCTSettings (from `../node_modules/react-native/Libraries/Settings`)
  - React-RCTText (from `../node_modules/react-native/Libraries/Text`)
  - React-RCTVibration (from `../node_modules/react-native/Libraries/Vibration`)
  - ReactCommon/callinvoker (from `../node_modules/react-native/ReactCommon`)
  - ReactCommon/turbomodule/core (from `../node_modules/react-native/ReactCommon`)
  - ReactNativeNavigation (from `../node_modules/react-native-navigation/ReactNativeNavigation.podspec`)
  - "RNCAsyncStorage (from `../node_modules/@react-native-community/async-storage`)"
  - RNGestureHandler (from `../node_modules/react-native-gesture-handler`)
  - RNKeychain (from `../node_modules/react-native-keychain`)
  - RNLocalize (from `../node_modules/react-native-localize`)
  - RNOS (from `../node_modules/react-native-os`)
  - RNPermissions (from `../node_modules/react-native-permissions`)
  - RNSVG (from `../node_modules/react-native-svg`)
  - RNVectorIcons (from `../node_modules/react-native-vector-icons`)
  - TcpSockets (from `../node_modules/react-native-tcp`)
  - TouchID (from `../node_modules/react-native-touch-id`)
  - UMAppLoader (from `../node_modules/unimodules-app-loader/ios`)
  - "UMCore (from `../node_modules/@unimodules/core/ios`)"
  - "UMReactNativeAdapter (from `../node_modules/@unimodules/react-native-adapter/ios`)"
  - UMTaskManagerInterface (from `../node_modules/unimodules-task-manager-interface/ios`)
  - Yoga (from `../node_modules/react-native/ReactCommon/yoga`)

SPEC REPOS:
  trunk:
    - boost-for-react-native

EXTERNAL SOURCES:
  BVLinearGradient:
    :path: "../node_modules/react-native-linear-gradient"
  DoubleConversion:
    :podspec: "../node_modules/react-native/third-party-podspecs/DoubleConversion.podspec"
  EXConstants:
    :path: "../node_modules/expo-constants/ios"
  EXFileSystem:
    :path: "../node_modules/expo-file-system/ios"
  EXImageLoader:
    :path: "../node_modules/expo-image-loader/ios"
  ExpoModulesCore:
    :path: "../node_modules/expo-modules-core/ios"
  FBLazyVector:
    :path: "../node_modules/react-native/Libraries/FBLazyVector"
  FBReactNativeSpec:
    :path: "../node_modules/react-native/Libraries/FBReactNativeSpec"
  Folly:
    :podspec: "../node_modules/react-native/third-party-podspecs/Folly.podspec"
  glog:
    :podspec: "../node_modules/react-native/third-party-podspecs/glog.podspec"
  Permission-Camera:
    :path: "../node_modules/react-native-permissions/ios/Camera.podspec"
  RCTRequired:
    :path: "../node_modules/react-native/Libraries/RCTRequired"
  RCTTypeSafety:
    :path: "../node_modules/react-native/Libraries/TypeSafety"
  React:
    :path: "../node_modules/react-native/"
  React-Core:
    :path: "../node_modules/react-native/"
  React-CoreModules:
    :path: "../node_modules/react-native/React/CoreModules"
  React-cxxreact:
    :path: "../node_modules/react-native/ReactCommon/cxxreact"
  React-jsi:
    :path: "../node_modules/react-native/ReactCommon/jsi"
  React-jsiexecutor:
    :path: "../node_modules/react-native/ReactCommon/jsiexecutor"
  React-jsinspector:
    :path: "../node_modules/react-native/ReactCommon/jsinspector"
  react-native-camera:
    :path: "../node_modules/react-native-camera"
  react-native-randombytes:
    :path: "../node_modules/react-native-randombytes"
  react-native-udp:
    :path: "../node_modules/react-native-udp"
  React-RCTActionSheet:
    :path: "../node_modules/react-native/Libraries/ActionSheetIOS"
  React-RCTAnimation:
    :path: "../node_modules/react-native/Libraries/NativeAnimation"
  React-RCTBlob:
    :path: "../node_modules/react-native/Libraries/Blob"
  React-RCTImage:
    :path: "../node_modules/react-native/Libraries/Image"
  React-RCTLinking:
    :path: "../node_modules/react-native/Libraries/LinkingIOS"
  React-RCTNetwork:
    :path: "../node_modules/react-native/Libraries/Network"
  React-RCTSettings:
    :path: "../node_modules/react-native/Libraries/Settings"
  React-RCTText:
    :path: "../node_modules/react-native/Libraries/Text"
  React-RCTVibration:
    :path: "../node_modules/react-native/Libraries/Vibration"
  ReactCommon:
    :path: "../node_modules/react-native/ReactCommon"
  ReactNativeNavigation:
    :podspec: "../node_modules/react-native-navigation/ReactNativeNavigation.podspec"
  RNCAsyncStorage:
    :path: "../node_modules/@react-native-community/async-storage"
  RNGestureHandler:
    :path: "../node_modules/react-native-gesture-handler"
  RNKeychain:
    :path: "../node_modules/react-native-keychain"
  RNLocalize:
    :path: "../node_modules/react-native-localize"
  RNOS:
    :path: "../node_modules/react-native-os"
  RNPermissions:
    :path: "../node_modules/react-native-permissions"
  RNSVG:
    :path: "../node_modules/react-native-svg"
  RNVectorIcons:
    :path: "../node_modules/react-native-vector-icons"
  TcpSockets:
    :path: "../node_modules/react-native-tcp"
  TouchID:
    :path: "../node_modules/react-native-touch-id"
  UMAppLoader:
    :path: "../node_modules/unimodules-app-loader/ios"
  UMCore:
    :path: "../node_modules/@unimodules/core/ios"
  UMReactNativeAdapter:
    :path: "../node_modules/@unimodules/react-native-adapter/ios"
  UMTaskManagerInterface:
    :path: "../node_modules/unimodules-task-manager-interface/ios"
  Yoga:
    :path: "../node_modules/react-native/ReactCommon/yoga"

SPEC CHECKSUMS:
  boost-for-react-native: 39c7adb57c4e60d6c5479dd8623128eb5b3f0f2c
  BVLinearGradient: e3aad03778a456d77928f594a649e96995f1c872
  DoubleConversion: 5805e889d232975c086db112ece9ed034df7a0b2
  EXConstants: d0969e870d37f824cc940751d8e7e3c50afe6063
  EXFileSystem: 8de34bd33ee5c76ba6b7e3e7ad4b30944b7e1601
  EXImageLoader: 6494524ac2b99af4edcacada0e19c71600423e59
  ExpoModulesCore: 730c7158b2fb179ba5921230e56a083a2304974d
  FBLazyVector: a93c5eef764b16789fa7875aac4e09119e806ad4
  FBReactNativeSpec: 587095d51601d15e04d21658df4bb7f030d0e7e1
  Folly: 30e7936e1c45c08d884aa59369ed951a8e68cf51
  glog: 1f3da668190260b06b429bb211bfbee5cd790c28
  Permission-Camera: 375576c57ea625c88137d2cc52ba6dfeb21db036
  RCTRequired: c689bd96375408b455d1cda431d76e8226f6c726
  RCTTypeSafety: 9c1123190d064e9077e4dba96d51b93d10e0a8a5
  React: 1618bf33d410e5c30e313341fad837d7a82ae75e
  React-Core: 033265923ba9f8d3aff2a01465656d733763cf3d
  React-CoreModules: 6b34e0e134014a7fb03c0c7b4f9832d90d8cbfec
  React-cxxreact: f2e92695b9f589b282aa32600764c3360cfbada4
  React-jsi: ef7ed91688be7e01bc78080062b428ce1bcd79d0
  React-jsiexecutor: d664a436303eb2cf9919df250f40ce5cf5e99fbe
  React-jsinspector: 74f6ea8f9d38ff44cc8f9867b2ecc9130d6cc2e5
  react-native-camera: fefef39fcd20850d17c3780638b04f741e0ccaae
  react-native-randombytes: 5fc412efe7b5c55b9002c0004d75fe5fabcaa507
  react-native-udp: ccbd878f0f3b968217fc7e3d5eb5839fcaab8b6c
  React-RCTActionSheet: abb6e20cdc3710d3442d735cdb2c641a5597f35d
  React-RCTAnimation: cacf34437277ae266c95896f40eb4e7604017132
  React-RCTBlob: ab3a193130b61816f8f3807941087873bfd5e8a4
  React-RCTImage: 52e151112199cc145107bb457e1df70ada999e40
  React-RCTLinking: 9ef27375004b7a3a2194f042f50d7c17dc92b91a
  React-RCTNetwork: 5057bcebafde579a78fcf477e19beef2a461b375
  React-RCTSettings: 5f6ec67d0d61c3d12f116b9314c4f3bcaf3e43df
  React-RCTText: fc8aaead300090f23dd0974545d75e3c43883922
  React-RCTVibration: 36a70f1015574284fa6770993c1e83a1f85dbabc
  ReactCommon: 3ea86417fa6e432b500579df40b057df54cfb4d4
  ReactNativeNavigation: 591e44266ee7047948ac18e47a8f283e657be5a8
  RNCAsyncStorage: cb9a623793918c6699586281f0b51cbc38f046f9
  RNGestureHandler: a479ebd5ed4221a810967000735517df0d2db211
  RNKeychain: 840f8e6f13be0576202aefcdffd26a4f54bfe7b5
  RNLocalize: ff8b96bffbe096a158f952a170741208f2c18746
  RNOS: 6f2f9a70895bbbfbdad7196abd952e7b01d45027
  RNPermissions: 067727df624665d4a6c8e2cffcc172ba608b96ed
  RNSVG: 551acb6562324b1d52a4e0758f7ca0ec234e278f
  RNVectorIcons: bc69e6a278b14842063605de32bec61f0b251a59
  TcpSockets: 8d839b9b14f6f344d98e4642ded13ab3112b462d
  TouchID: ba4c656d849cceabc2e4eef722dea5e55959ecf4
  UMAppLoader: db2dae4bc3085e21f56d6d9cf7783d08c5999af4
  UMCore: 9e0187ee8da41a0656e148e076ed322a745a9761
  UMReactNativeAdapter: 68a2c86238c5b7b016af7367e6f0c402b347346e
  UMTaskManagerInterface: 75462b0d8580ec91ae23f88a4f9271a3130efb02
  Yoga: b5db822228963b87948afa7a5a531088607151dc

PODFILE CHECKSUM: c00627a02e68d703e70b1d5d4cee8021ed357369

COCOAPODS: 1.9.1
